
Microsoft Visual Studio Solution File, Format Version 12.00
# Visual Studio Version 16
VisualStudioVersion = 16.0.29911.84
MinimumVisualStudioVersion = 10.0.40219.1
Project("{FAE04EC0-301F-11D3-BF4B-00C04F79EFBC}") = "MemoEngineCore", "MemoEngineCore\MemoEngineCore.csproj", "{B284090D-A9AF-44B2-9980-A15C36D03C62}"
EndProject
Global
	GlobalSection(SolutionConfigurationPlatforms) = preSolution
		Debug|Any CPU = Debug|Any CPU
		Release|Any CPU = Release|Any CPU
	EndGlobalSection
	GlobalSection(ProjectConfigurationPlatforms) = postSolution
		{B284090D-A9AF-44B2-9980-A15C36D03C62}.Debug|Any CPU.ActiveCfg = Debug|Any CPU
		{B284090D-A9AF-44B2-9980-A15C36D03C62}.Debug|Any CPU.Build.0 = Debug|Any CPU
		{B284090D-A9AF-44B2-9980-A15C36D03C62}.Release|Any CPU.ActiveCfg = Release|Any CPU
		{B284090D-A9AF-44B2-9980-A15C36D03C62}.Release|Any CPU.Build.0 = Release|Any CPU
	EndGlobalSection
	GlobalSection(SolutionProperties) = preSolution
		HideSolutionNode = FALSE
	EndGlobalSection
	GlobalSection(ExtensibilityGlobals) = postSolution
		SolutionGuid = {E0105043-A8A9-4D85-A07C-BF9864B41EFC}
	EndGlobalSection
EndGlobal
